{
  "name": "wangbot",
  "version": "0.0.0",
  "lockfileVersion": 1,
  "requires": true,
  "dependencies": {
    "hubot-memegeneration": {
      "version": "3.0.0",
      "resolved": "https://registry.npmjs.org/hubot-memegeneration/-/hubot-memegeneration-3.0.0.tgz",
      "integrity": "sha512-7rEZhtHfftLdBSLCgJn0320+exdOvYm3kJ4ymmpji1eDU+FvbWt93iCNa2xUMySXFylSDqGusiGzsg/NXZ9Vig=="
    }
  }
}
